// !$*UTF8*$!
{
	archiveVersion = 1;
	classes = {
	};
	objectVersion = 56;
	objects = {

/* Begin PBXBuildFile section */
		034906E32B90032300BD3B4B /* AppDelegate.swift in Sources */ = {isa = PBXBuildFile; fileRef = 034906E22B90032300BD3B4B /* AppDelegate.swift */; };
		034906E52B90032300BD3B4B /* SceneDelegate.swift in Sources */ = {isa = PBXBuildFile; fileRef = 034906E42B90032300BD3B4B /* SceneDelegate.swift */; };
		034906E72B90032300BD3B4B /* ViewController.swift in Sources */ = {isa = PBXBuildFile; fileRef = 034906E62B90032300BD3B4B /* ViewController.swift */; };
		034906EA2B90032300BD3B4B /* Main.storyboard in Resources */ = {isa = PBXBuildFile; fileRef = 034906E82B90032300BD3B4B /* Main.storyboard */; };
		034906EC2B90032400BD3B4B /* Assets.xcassets in Resources */ = {isa = PBXBuildFile; fileRef = 034906EB2B90032400BD3B4B /* Assets.xcassets */; };
		034906EF2B90032400BD3B4B /* LaunchScreen.storyboard in Resources */ = {isa = PBXBuildFile; fileRef = 034906ED2B90032400BD3B4B /* LaunchScreen.storyboard */; };
		034906FA2B90032400BD3B4B /* PitchPerfectTests.swift in Sources */ = {isa = PBXBuildFile; fileRef = 034906F92B90032400BD3B4B /* PitchPerfectTests.swift */; };
		034907042B90032400BD3B4B /* PitchPerfectUITests.swift in Sources */ = {isa = PBXBuildFile; fileRef = 034907032B90032400BD3B4B /* PitchPerfectUITests.swift */; };
		034907062B90032400BD3B4B /* PitchPerfectUITestsLaunchTests.swift in Sources */ = {isa = PBXBuildFile; fileRef = 034907052B90032400BD3B4B /* PitchPerfectUITestsLaunchTests.swift */; };
/* End PBXBuildFile section */

/* Begin PBXContainerItemProxy section */
		034906F62B90032400BD3B4B /* PBXContainerItemProxy */ = {
			isa = PBXContainerItemProxy;
			containerPortal = 034906D72B90032300BD3B4B /* Project object */;
			proxyType = 1;
			remoteGlobalIDString = 034906DE2B90032300BD3B4B;
			remoteInfo = PitchPerfect;
		};
		034907002B90032400BD3B4B /* PBXContainerItemProxy */ = {
			isa = PBXContainerItemProxy;
			containerPortal = 034906D72B90032300BD3B4B /* Project object */;
			proxyType = 1;
			remoteGlobalIDString = 034906DE2B90032300BD3B4B;
			remoteInfo = PitchPerfect;
		};
/* End PBXContainerItemProxy section */

/* Begin PBXFileReference section */
		034906DF2B90032300BD3B4B /* PitchPerfect.app */ = {isa = PBXFileReference; explicitFileType = wrapper.application; includeInIndex = 0; path = PitchPerfect.app; sourceTree = BUILT_PRODUCTS_DIR; };
		034906E22B90032300BD3B4B /* AppDelegate.swift */ = {isa = PBXFileReference; lastKnownFileType = sourcecode.swift; path = AppDelegate.swift; sourceTree = "<group>"; };
		034906E42B90032300BD3B4B /* SceneDelegate.swift */ = {isa = PBXFileReference; lastKnownFileType = sourcecode.swift; path = SceneDelegate.swift; sourceTree = "<group>"; };
		034906E62B90032300BD3B4B /* ViewController.swift */ = {isa = PBXFileReference; lastKnownFileType = sourcecode.swift; path = ViewController.swift; sourceTree = "<group>"; };
		034906E92B90032300BD3B4B /* Base */ = {isa = PBXFileReference; lastKnownFileType = file.storyboard; name = Base; path = Base.lproj/Main.storyboard; sourceTree = "<group>"; };
		034906EB2B90032400BD3B4B /* Assets.xcassets */ = {isa = PBXFileReference; lastKnownFileType = folder.assetcatalog; path = Assets.xcassets; sourceTree = "<group>"; };
		034906EE2B90032400BD3B4B /* Base */ = {isa = PBXFileReference; lastKnownFileType = file.storyboard; name = Base; path = Base.lproj/LaunchScreen.storyboard; sourceTree = "<group>"; };
		034906F02B90032400BD3B4B /* Info.plist */ = {isa = PBXFileReference; lastKnownFileType = text.plist.xml; path = Info.plist; sourceTree = "<group>"; };
		034906F52B90032400BD3B4B /* PitchPerfectTests.xctest */ = {isa = PBXFileReference; explicitFileType = wrapper.cfbundle; includeInIndex = 0; path = PitchPerfectTests.xctest; sourceTree = BUILT_PRODUCTS_DIR; };
		034906F92B90032400BD3B4B /* PitchPerfectTests.swift */ = {isa = PBXFileReference; lastKnownFileType = sourcecode.swift; path = PitchPerfectTests.swift; sourceTree = "<group>"; };
		034906FF2B90032400BD3B4B /* PitchPerfectUITests.xctest */ = {isa = PBXFileReference; explicitFileType = wrapper.cfbundle; includeInIndex = 0; path = PitchPerfectUITests.xctest; sourceTree = BUILT_PRODUCTS_DIR; };
		034907032B90032400BD3B4B /* PitchPerfectUITests.swift */ = {isa = PBXFileReference; lastKnownFileType = sourcecode.swift; path = PitchPerfectUITests.swift; sourceTree = "<group>"; };
		034907052B90032400BD3B4B /* PitchPerfectUITestsLaunchTests.swift */ = {isa = PBXFileReference; lastKnownFileType = sourcecode.swift; path = PitchPerfectUITestsLaunchTests.swift; sourceTree = "<group>"; };
/* End PBXFileReference section */

/* Begin PBXFrameworksBuildPhase section */
		034906DC2B90032300BD3B4B /* Frameworks */ = {
			isa = PBXFrameworksBuildPhase;
			buildActionMask = 2147483647;
			files = (
			);
			runOnlyForDeploymentPostprocessing = 0;
		};
		034906F22B90032400BD3B4B /* Frameworks */ = {
			isa = PBXFrameworksBuildPhase;
			buildActionMask = 2147483647;
			files = (
			);
			runOnlyForDeploymentPostprocessing = 0;
		};
		034906FC2B90032400BD3B4B /* Frameworks */ = {
			isa = PBXFrameworksBuildPhase;
			buildActionMask = 2147483647;
			files = (
			);
			runOnlyForDeploymentPostprocessing = 0;
		};
/* End PBXFrameworksBuildPhase section */

/* Begin PBXGroup section */
		034906D62B90032300BD3B4B = {
			isa = PBXGroup;
			children = (
				034906E12B90032300BD3B4B /* PitchPerfect */,
				034906F82B90032400BD3B4B /* PitchPerfectTests */,
				034907022B90032400BD3B4B /* PitchPerfectUITests */,
				034906E02B90032300BD3B4B /* Products */,
			);
			sourceTree = "<group>";
		};
		034906E02B90032300BD3B4B /* Products */ = {
			isa = PBXGroup;
			children = (
				034906DF2B90032300BD3B4B /* PitchPerfect.app */,
				034906F52B90032400BD3B4B /* PitchPerfectTests.xctest */,
				034906FF2B90032400BD3B4B /* PitchPerfectUITests.xctest */,
			);
			name = Products;
			sourceTree = "<group>";
		};
		034906E12B90032300BD3B4B /* PitchPerfect */ = {
			isa = PBXGroup;
			children = (
				034906E22B90032300BD3B4B /* AppDelegate.swift */,
				034906E42B90032300BD3B4B /* SceneDelegate.swift */,
				034906E62B90032300BD3B4B /* ViewController.swift */,
				034906E82B90032300BD3B4B /* Main.storyboard */,
				034906EB2B90032400BD3B4B /* Assets.xcassets */,
				034906ED2B90032400BD3B4B /* LaunchScreen.storyboard */,
				034906F02B90032400BD3B4B /* Info.plist */,
			);
			path = PitchPerfect;
			sourceTree = "<group>";
		};
		034906F82B90032400BD3B4B /* PitchPerfectTests */ = {
			isa = PBXGroup;
			children = (
				034906F92B90032400BD3B4B /* PitchPerfectTests.swift */,
			);
			path = PitchPerfectTests;
			sourceTree = "<group>";
		};
		034907022B90032400BD3B4B /* PitchPerfectUITests */ = {
			isa = PBXGroup;
			children = (
				034907032B90032400BD3B4B /* PitchPerfectUITests.swift */,
				034907052B90032400BD3B4B /* PitchPerfectUITestsLaunchTests.swift */,
			);
			path = PitchPerfectUITests;
			sourceTree = "<group>";
		};
/* End PBXGroup section */

/* Begin PBXNativeTarget section */
		034906DE2B90032300BD3B4B /* PitchPerfect */ = {
			isa = PBXNativeTarget;
			buildConfigurationList = 034907092B90032400BD3B4B /* Build configuration list for PBXNativeTarget "PitchPerfect" */;
			buildPhases = (
				034906DB2B90032300BD3B4B /* Sources */,
				034906DC2B90032300BD3B4B /* Frameworks */,
				034906DD2B90032300BD3B4B /* Resources */,
			);
			buildRules = (
			);
			dependencies = (
			);
			name = PitchPerfect;
			productName = PitchPerfect;
			productReference = 034906DF2B90032300BD3B4B /* PitchPerfect.app */;
			productType = "com.apple.product-type.application";
		};
		034906F42B90032400BD3B4B /* PitchPerfectTests */ = {
			isa = PBXNativeTarget;
			buildConfigurationList = 0349070C2B90032400BD3B4B /* Build configuration list for PBXNativeTarget "PitchPerfectTests" */;
			buildPhases = (
				034906F12B90032400BD3B4B /* Sources */,
				034906F22B90032400BD3B4B /* Frameworks */,
				034906F32B90032400BD3B4B /* Resources */,
			);
			buildRules = (
			);
			dependencies = (
				034906F72B90032400BD3B4B /* PBXTargetDependency */,
			);
			name = PitchPerfectTests;
			productName = PitchPerfectTests;
			productReference = 034906F52B90032400BD3B4B /* PitchPerfectTests.xctest */;
			productType = "com.apple.product-type.bundle.unit-test";
		};
		034906FE2B90032400BD3B4B /* PitchPerfectUITests */ = {
			isa = PBXNativeTarget;
			buildConfigurationList = 0349070F2B90032400BD3B4B /* Build configuration list for PBXNativeTarget "PitchPerfectUITests" */;
			buildPhases = (
				034906FB2B90032400BD3B4B /* Sources */,
				034906FC2B90032400BD3B4B /* Frameworks */,
				034906FD2B90032400BD3B4B /* Resources */,
			);
			buildRules = (
			);
			dependencies = (
				034907012B90032400BD3B4B /* PBXTargetDependency */,
			);
			name = PitchPerfectUITests;
			productName = PitchPerfectUITests;
			productReference = 034906FF2B90032400BD3B4B /* PitchPerfectUITests.xctest */;
			productType = "com.apple.product-type.bundle.ui-testing";
		};
/* End PBXNativeTarget section */

/* Begin PBXProject section */
		034906D72B90032300BD3B4B /* Project object */ = {
			isa = PBXProject;
			attributes = {
				BuildIndependentTargetsInParallel = 1;
				LastSwiftUpdateCheck = 1520;
				LastUpgradeCheck = 1520;
				TargetAttributes = {
					034906DE2B90032300BD3B4B = {
						CreatedOnToolsVersion = 15.2;
					};
					034906F42B90032400BD3B4B = {
						CreatedOnToolsVersion = 15.2;
						TestTargetID = 034906DE2B90032300BD3B4B;
					};
					034906FE2B90032400BD3B4B = {
						CreatedOnToolsVersion = 15.2;
						TestTargetID = 034906DE2B90032300BD3B4B;
					};
				};
			};
			buildConfigurationList = 034906DA2B90032300BD3B4B /* Build configuration list for PBXProject "PitchPerfect" */;
			compatibilityVersion = "Xcode 14.0";
			developmentRegion = en;
			hasScannedForEncodings = 0;
			knownRegions = (
				en,
				Base,
			);
			mainGroup = 034906D62B90032300BD3B4B;
			productRefGroup = 034906E02B90032300BD3B4B /* Products */;
			projectDirPath = "";
			projectRoot = "";
			targets = (
				034906DE2B90032300BD3B4B /* PitchPerfect */,
				034906F42B90032400BD3B4B /* PitchPerfectTests */,
				034906FE2B90032400BD3B4B /* PitchPerfectUITests */,
			);
		};
/* End PBXProject section */

/* Begin PBXResourcesBuildPhase section */
		034906DD2B90032300BD3B4B /* Resources */ = {
			isa = PBXResourcesBuildPhase;
			buildActionMask = 2147483647;
			files = (
				034906EF2B90032400BD3B4B /* LaunchScreen.storyboard in Resources */,
				034906EC2B90032400BD3B4B /* Assets.xcassets in Resources */,
				034906EA2B90032300BD3B4B /* Main.storyboard in Resources */,
			);
			runOnlyForDeploymentPostprocessing = 0;
		};
		034906F32B90032400BD3B4B /* Resources */ = {
			isa = PBXResourcesBuildPhase;
			buildActionMask = 2147483647;
			files = (
			);
			runOnlyForDeploymentPostprocessing = 0;
		};
		034906FD2B90032400BD3B4B /* Resources */ = {
			isa = PBXResourcesBuildPhase;
			buildActionMask = 2147483647;
			files = (
			);
			runOnlyForDeploymentPostprocessing = 0;
		};
/* End PBXResourcesBuildPhase section */

/* Begin PBXSourcesBuildPhase section */
		034906DB2B90032300BD3B4B /* Sources */ = {
			isa = PBXSourcesBuildPhase;
			buildActionMask = 2147483647;
			files = (
				034906E72B90032300BD3B4B /* ViewController.swift in Sources */,
				034906E32B90032300BD3B4B /* AppDelegate.swift in Sources */,
				034906E52B90032300BD3B4B /* SceneDelegate.swift in Sources */,
			);
			runOnlyForDeploymentPostprocessing = 0;
		};
		034906F12B90032400BD3B4B /* Sources */ = {
			isa = PBXSourcesBuildPhase;
			buildActionMask = 2147483647;
			files = (
				034906FA2B90032400BD3B4B /* PitchPerfectTests.swift in Sources */,
			);
			runOnlyForDeploymentPostprocessing = 0;
		};
		034906FB2B90032400BD3B4B /* Sources */ = {
			isa = PBXSourcesBuildPhase;
			buildActionMask = 2147483647;
			files = (
				034907042B90032400BD3B4B /* PitchPerfectUITests.swift in Sources */,
				034907062B90032400BD3B4B /* PitchPerfectUITestsLaunchTests.swift in Sources */,
			);
			runOnlyForDeploymentPostprocessing = 0;
		};
/* End PBXSourcesBuildPhase section */

/* Begin PBXTargetDependency section */
		034906F72B90032400BD3B4B /* PBXTargetDependency */ = {
			isa = PBXTargetDependency;
			target = 034906DE2B90032300BD3B4B /* PitchPerfect */;
			targetProxy = 034906F62B90032400BD3B4B /* PBXContainerItemProxy */;
		};
		034907012B90032400BD3B4B /* PBXTargetDependency */ = {
			isa = PBXTargetDependency;
			target = 034906DE2B90032300BD3B4B /* PitchPerfect */;
			targetProxy = 034907002B90032400BD3B4B /* PBXContainerItemProxy */;
		};
/* End PBXTargetDependency section */

/* Begin PBXVariantGroup section */
		034906E82B90032300BD3B4B /* Main.storyboard */ = {
			isa = PBXVariantGroup;
			children = (
				034906E92B90032300BD3B4B /* Base */,
			);
			name = Main.storyboard;
			sourceTree = "<group>";
		};
		034906ED2B90032400BD3B4B /* LaunchScreen.storyboard */ = {
			isa = PBXVariantGroup;
			children = (
				034906EE2B90032400BD3B4B /* Base */,
			);
			name = LaunchScreen.storyboard;
			sourceTree = "<group>";
		};
/* End PBXVariantGroup section */

/* Begin XCBuildConfiguration section */
		034907072B90032400BD3B4B /* Debug */ = {
			isa = XCBuildConfiguration;
			buildSettings = {
				ALWAYS_SEARCH_USER_PATHS = NO;
				ASSETCATALOG_COMPILER_GENERATE_SWIFT_ASSET_SYMBOL_EXTENSIONS = YES;
				CLANG_ANALYZER_NONNULL = YES;
				CLANG_ANALYZER_NUMBER_OBJECT_CONVERSION = YES_AGGRESSIVE;
				CLANG_CXX_LANGUAGE_STANDARD = "gnu++20";
				CLANG_ENABLE_MODULES = YES;
				CLANG_ENABLE_OBJC_ARC = YES;
				CLANG_ENABLE_OBJC_WEAK = YES;
				CLANG_WARN_BLOCK_CAPTURE_AUTORELEASING = YES;
				CLANG_WARN_BOOL_CONVERSION = YES;
				CLANG_WARN_COMMA = YES;
				CLANG_WARN_CONSTANT_CONVERSION = YES;
				CLANG_WARN_DEPRECATED_OBJC_IMPLEMENTATIONS = YES;
				CLANG_WARN_DIRECT_OBJC_ISA_USAGE = YES_ERROR;
				CLANG_WARN_DOCUMENTATION_COMMENTS = YES;
				CLANG_WARN_EMPTY_BODY = YES;
				CLANG_WARN_ENUM_CONVERSION = YES;
				CLANG_WARN_INFINITE_RECURSION = YES;
				CLANG_WARN_INT_CONVERSION = YES;
				CLANG_WARN_NON_LITERAL_NULL_CONVERSION = YES;
				CLANG_WARN_OBJC_IMPLICIT_RETAIN_SELF = YES;
				CLANG_WARN_OBJC_LITERAL_CONVERSION = YES;
				CLANG_WARN_OBJC_ROOT_CLASS = YES_ERROR;
				CLANG_WARN_QUOTED_INCLUDE_IN_FRAMEWORK_HEADER = YES;
				CLANG_WARN_RANGE_LOOP_ANALYSIS = YES;
				CLANG_WARN_STRICT_PROTOTYPES = YES;
				CLANG_WARN_SUSPICIOUS_MOVE = YES;
				CLANG_WARN_UNGUARDED_AVAILABILITY = YES_AGGRESSIVE;
				CLANG_WARN_UNREACHABLE_CODE = YES;
				CLANG_WARN__DUPLICATE_METHOD_MATCH = YES;
				COPY_PHASE_STRIP = NO;
				DEBUG_INFORMATION_FORMAT = dwarf;
				ENABLE_STRICT_OBJC_MSGSEND = YES;
				ENABLE_TESTABILITY = YES;
				ENABLE_USER_SCRIPT_SANDBOXING = YES;
				GCC_C_LANGUAGE_STANDARD = gnu17;
				GCC_DYNAMIC_NO_PIC = NO;
				GCC_NO_COMMON_BLOCKS = YES;
				GCC_OPTIMIZATION_LEVEL = 0;
				GCC_PREPROCESSOR_DEFINITIONS = (
					"DEBUG=1",
					"$(inherited)",
				);
				GCC_WARN_64_TO_32_BIT_CONVERSION = YES;
				GCC_WARN_ABOUT_RETURN_TYPE = YES_ERROR;
				GCC_WARN_UNDECLARED_SELECTOR = YES;
				GCC_WARN_UNINITIALIZED_AUTOS = YES_AGGRESSIVE;
				GCC_WARN_UNUSED_FUNCTION = YES;
				GCC_WARN_UNUSED_VARIABLE = YES;
				IPHONEOS_DEPLOYMENT_TARGET = 17.2;
				LOCALIZATION_PREFERS_STRING_CATALOGS = YES;
				MTL_ENABLE_DEBUG_INFO = INCLUDE_SOURCE;
				MTL_FAST_MATH = YES;
				ONLY_ACTIVE_ARCH = YES;
				SDKROOT = iphoneos;
				SWIFT_ACTIVE_COMPILATION_CONDITIONS = "DEBUG $(inherited)";
				SWIFT_OPTIMIZATION_LEVEL = "-Onone";
			};
			name = Debug;
		};
		034907082B90032400BD3B4B /* Release */ = {
			isa = XCBuildConfiguration;
			buildSettings = {
				ALWAYS_SEARCH_USER_PATHS = NO;
				ASSETCATALOG_COMPILER_GENERATE_SWIFT_ASSET_SYMBOL_EXTENSIONS = YES;
				CLANG_ANALYZER_NONNULL = YES;
				CLANG_ANALYZER_NUMBER_OBJECT_CONVERSION = YES_AGGRESSIVE;
				CLANG_CXX_LANGUAGE_STANDARD = "gnu++20";
				CLANG_ENABLE_MODULES = YES;
				CLANG_ENABLE_OBJC_ARC = YES;
				CLANG_ENABLE_OBJC_WEAK = YES;
				CLANG_WARN_BLOCK_CAPTURE_AUTORELEASING = YES;
				CLANG_WARN_BOOL_CONVERSION = YES;
				CLANG_WARN_COMMA = YES;
				CLANG_WARN_CONSTANT_CONVERSION = YES;
				CLANG_WARN_DEPRECATED_OBJC_IMPLEMENTATIONS = YES;
				CLANG_WARN_DIRECT_OBJC_ISA_USAGE = YES_ERROR;
				CLANG_WARN_DOCUMENTATION_COMMENTS = YES;
				CLANG_WARN_EMPTY_BODY = YES;
				CLANG_WARN_ENUM_CONVERSION = YES;
				CLANG_WARN_INFINITE_RECURSION = YES;
				CLANG_WARN_INT_CONVERSION = YES;
				CLANG_WARN_NON_LITERAL_NULL_CONVERSION = YES;
				CLANG_WARN_OBJC_IMPLICIT_RETAIN_SELF = YES;
				CLANG_WARN_OBJC_LITERAL_CONVERSION = YES;
				CLANG_WARN_OBJC_ROOT_CLASS = YES_ERROR;
				CLANG_WARN_QUOTED_INCLUDE_IN_FRAMEWORK_HEADER = YES;
				CLANG_WARN_RANGE_LOOP_ANALYSIS = YES;
				CLANG_WARN_STRICT_PROTOTYPES = YES;
				CLANG_WARN_SUSPICIOUS_MOVE = YES;
				CLANG_WARN_UNGUARDED_AVAILABILITY = YES_AGGRESSIVE;
				CLANG_WARN_UNREACHABLE_CODE = YES;
				CLANG_WARN__DUPLICATE_METHOD_MATCH = YES;
				COPY_PHASE_STRIP = NO;
				DEBUG_INFORMATION_FORMAT = "dwarf-with-dsym";
				ENABLE_NS_ASSERTIONS = NO;
				ENABLE_STRICT_OBJC_MSGSEND = YES;
				ENABLE_USER_SCRIPT_SANDBOXING = YES;
				GCC_C_LANGUAGE_STANDARD = gnu17;
				GCC_NO_COMMON_BLOCKS = YES;
				GCC_WARN_64_TO_32_BIT_CONVERSION = YES;
				GCC_WARN_ABOUT_RETURN_TYPE = YES_ERROR;
				GCC_WARN_UNDECLARED_SELECTOR = YES;
				GCC_WARN_UNINITIALIZED_AUTOS = YES_AGGRESSIVE;
				GCC_WARN_UNUSED_FUNCTION = YES;
				GCC_WARN_UNUSED_VARIABLE = YES;
				IPHONEOS_DEPLOYMENT_TARGET = 17.2;
				LOCALIZATION_PREFERS_STRING_CATALOGS = YES;
				MTL_ENABLE_DEBUG_INFO = NO;
				MTL_FAST_MATH = YES;
				SDKROOT = iphoneos;
				SWIFT_COMPILATION_MODE = wholemodule;
				VALIDATE_PRODUCT = YES;
			};
			name = Release;
		};
		0349070A2B90032400BD3B4B /* Debug */ = {
			isa = XCBuildConfiguration;
			buildSettings = {
				ASSETCATALOG_COMPILER_APPICON_NAME = AppIcon;
				ASSETCATALOG_COMPILER_GLOBAL_ACCENT_COLOR_NAME = AccentColor;
				CODE_SIGN_STYLE = Automatic;
				CURRENT_PROJECT_VERSION = 1;
				DEVELOPMENT_TEAM = 352NH8PR92;
				GENERATE_INFOPLIST_FILE = YES;
				INFOPLIST_FILE = PitchPerfect/Info.plist;
				INFOPLIST_KEY_UIApplicationSupportsIndirectInputEvents = YES;
				INFOPLIST_KEY_UILaunchStoryboardName = LaunchScreen;
				INFOPLIST_KEY_UIMainStoryboardFile = Main;
				INFOPLIST_KEY_UISupportedInterfaceOrientations_iPad = "UIInterfaceOrientationPortrait UIInterfaceOrientationPortraitUpsideDown UIInterfaceOrientationLandscapeLeft UIInterfaceOrientationLandscapeRight";
				INFOPLIST_KEY_UISupportedInterfaceOrientations_iPhone = "UIInterfaceOrientationPortrait UIInterfaceOrientationLandscapeLeft UIInterfaceOrientationLandscapeRight";
				LD_RUNPATH_SEARCH_PATHS = (
					"$(inherited)",
					"@executable_path/Frameworks",
				);
				MARKETING_VERSION = 1.0;
				PRODUCT_BUNDLE_IDENTIFIER = com.devdklv.PitchPerfect;
				PRODUCT_NAME = "$(TARGET_NAME)";
				SWIFT_EMIT_LOC_STRINGS = YES;
				SWIFT_VERSION = 5.0;
				TARGETED_DEVICE_FAMILY = "1,2";
			};
			name = Debug;
		};
		0349070B2B90032400BD3B4B /* Release */ = {
			isa = XCBuildConfiguration;
			buildSettings = {
				ASSETCATALOG_COMPILER_APPICON_NAME = AppIcon;
				ASSETCATALOG_COMPILER_GLOBAL_ACCENT_COLOR_NAME = AccentColor;
				CODE_SIGN_STYLE = Automatic;
				CURRENT_PROJECT_VERSION = 1;
				DEVELOPMENT_TEAM = 352NH8PR92;
				GENERATE_INFOPLIST_FILE = YES;
				INFOPLIST_FILE = PitchPerfect/Info.plist;
				INFOPLIST_KEY_UIApplicationSupportsIndirectInputEvents = YES;
				INFOPLIST_KEY_UILaunchStoryboardName = LaunchScreen;
				INFOPLIST_KEY_UIMainStoryboardFile = Main;
				INFOPLIST_KEY_UISupportedInterfaceOrientations_iPad = "UIInterfaceOrientationPortrait UIInterfaceOrientationPortraitUpsideDown UIInterfaceOrientationLandscapeLeft UIInterfaceOrientationLandscapeRight";
				INFOPLIST_KEY_UISupportedInterfaceOrientations_iPhone = "UIInterfaceOrientationPortrait UIInterfaceOrientationLandscapeLeft UIInterfaceOrientationLandscapeRight";
				LD_RUNPATH_SEARCH_PATHS = (
					"$(inherited)",
					"@executable_path/Frameworks",
				);
				MARKETING_VERSION = 1.0;
				PRODUCT_BUNDLE_IDENTIFIER = com.devdklv.PitchPerfect;
				PRODUCT_NAME = "$(TARGET_NAME)";
				SWIFT_EMIT_LOC_STRINGS = YES;
				SWIFT_VERSION = 5.0;
				TARGETED_DEVICE_FAMILY = "1,2";
			};
			name = Release;
		};
		0349070D2B90032400BD3B4B /* Debug */ = {
			isa = XCBuildConfiguration;
			buildSettings = {
				ALWAYS_EMBED_SWIFT_STANDARD_LIBRARIES = YES;
				BUNDLE_LOADER = "$(TEST_HOST)";
				CODE_SIGN_STYLE = Automatic;
				CURRENT_PROJECT_VERSION = 1;
				DEVELOPMENT_TEAM = 352NH8PR92;
				GENERATE_INFOPLIST_FILE = YES;
				IPHONEOS_DEPLOYMENT_TARGET = 17.2;
				MARKETING_VERSION = 1.0;
				PRODUCT_BUNDLE_IDENTIFIER = com.devdklv.PitchPerfectTests;
				PRODUCT_NAME = "$(TARGET_NAME)";
				SWIFT_EMIT_LOC_STRINGS = NO;
				SWIFT_VERSION = 5.0;
				TARGETED_DEVICE_FAMILY = "1,2";
				TEST_HOST = "$(BUILT_PRODUCTS_DIR)/PitchPerfect.app/$(BUNDLE_EXECUTABLE_FOLDER_PATH)/PitchPerfect";
			};
			name = Debug;
		};
		0349070E2B90032400BD3B4B /* Release */ = {
			isa = XCBuildConfiguration;
			buildSettings = {
				ALWAYS_EMBED_SWIFT_STANDARD_LIBRARIES = YES;
				BUNDLE_LOADER = "$(TEST_HOST)";
				CODE_SIGN_STYLE = Automatic;
				CURRENT_PROJECT_VERSION = 1;
				DEVELOPMENT_TEAM = 352NH8PR92;
				GENERATE_INFOPLIST_FILE = YES;
				IPHONEOS_DEPLOYMENT_TARGET = 17.2;
				MARKETING_VERSION = 1.0;
				PRODUCT_BUNDLE_IDENTIFIER = com.devdklv.PitchPerfectTests;
				PRODUCT_NAME = "$(TARGET_NAME)";
				SWIFT_EMIT_LOC_STRINGS = NO;
				SWIFT_VERSION = 5.0;
				TARGETED_DEVICE_FAMILY = "1,2";
				TEST_HOST = "$(BUILT_PRODUCTS_DIR)/PitchPerfect.app/$(BUNDLE_EXECUTABLE_FOLDER_PATH)/PitchPerfect";
			};
			name = Release;
		};
		034907102B90032400BD3B4B /* Debug */ = {
			isa = XCBuildConfiguration;
			buildSettings = {
				ALWAYS_EMBED_SWIFT_STANDARD_LIBRARIES = YES;
				CODE_SIGN_STYLE = Automatic;
				CURRENT_PROJECT_VERSION = 1;
				DEVELOPMENT_TEAM = 352NH8PR92;
				GENERATE_INFOPLIST_FILE = YES;
				MARKETING_VERSION = 1.0;
				PRODUCT_BUNDLE_IDENTIFIER = com.devdklv.PitchPerfectUITests;
				PRODUCT_NAME = "$(TARGET_NAME)";
				SWIFT_EMIT_LOC_STRINGS = NO;
				SWIFT_VERSION = 5.0;
				TARGETED_DEVICE_FAMILY = "1,2";
				TEST_TARGET_NAME = PitchPerfect;
			};
			name = Debug;
		};
		034907112B90032400BD3B4B /* Release */ = {
			isa = XCBuildConfiguration;
			buildSettings = {
				ALWAYS_EMBED_SWIFT_STANDARD_LIBRARIES = YES;
				CODE_SIGN_STYLE = Automatic;
				CURRENT_PROJECT_VERSION = 1;
				DEVELOPMENT_TEAM = 352NH8PR92;
				GENERATE_INFOPLIST_FILE = YES;
				MARKETING_VERSION = 1.0;
				PRODUCT_BUNDLE_IDENTIFIER = com.devdklv.PitchPerfectUITests;
				PRODUCT_NAME = "$(TARGET_NAME)";
				SWIFT_EMIT_LOC_STRINGS = NO;
				SWIFT_VERSION = 5.0;
				TARGETED_DEVICE_FAMILY = "1,2";
				TEST_TARGET_NAME = PitchPerfect;
			};
			name = Release;
		};
/* End XCBuildConfiguration section */

/* Begin XCConfigurationList section */
		034906DA2B90032300BD3B4B /* Build configuration list for PBXProject "PitchPerfect" */ = {
			isa = XCConfigurationList;
			buildConfigurations = (
				034907072B90032400BD3B4B /* Debug */,
				034907082B90032400BD3B4B /* Release */,
			);
			defaultConfigurationIsVisible = 0;
			defaultConfigurationName = Release;
		};
		034907092B90032400BD3B4B /* Build configuration list for PBXNativeTarget "PitchPerfect" */ = {
			isa = XCConfigurationList;
			buildConfigurations = (
				0349070A2B90032400BD3B4B /* Debug */,
				0349070B2B90032400BD3B4B /* Release */,
			);
			defaultConfigurationIsVisible = 0;
			defaultConfigurationName = Release;
		};
		0349070C2B90032400BD3B4B /* Build configuration list for PBXNativeTarget "PitchPerfectTests" */ = {
			isa = XCConfigurationList;
			buildConfigurations = (
				0349070D2B90032400BD3B4B /* Debug */,
				0349070E2B90032400BD3B4B /* Release */,
			);
			defaultConfigurationIsVisible = 0;
			defaultConfigurationName = Release;
		};
		0349070F2B90032400BD3B4B /* Build configuration list for PBXNativeTarget "PitchPerfectUITests" */ = {
			isa = XCConfigurationList;
			buildConfigurations = (
				034907102B90032400BD3B4B /* Debug */,
				034907112B90032400BD3B4B /* Release */,
			);
			defaultConfigurationIsVisible = 0;
			defaultConfigurationName = Release;
		};
/* End XCConfigurationList section */
	};
	rootObject = 034906D72B90032300BD3B4B /* Project object */;
}
